
Microsoft Visual Studio Solution File, Format Version 12.00
# Visual Studio Version 17
VisualStudioVersion = 17.8.34309.116
MinimumVisualStudioVersion = 10.0.40219.1
Project("{8BC9CEB8-8B4A-11D0-8D11-00A0C91BC942}") = "ContainerC", "ContainerC\ContainerC.vcxproj", "{D427E3E4-C4FD-4807-8A6B-0FCBE087715D}"
EndProject
Project("{8BC9CEB8-8B4A-11D0-8D11-00A0C91BC942}") = "CSTL", "DLL\DLL.vcxproj", "{F5ADFC6D-216C-4333-AB0F-0CAAEA54A4C9}"
EndProject
Project("{8BC9CEB8-8B4A-11D0-8D11-00A0C91BC942}") = "Test_DLL", "Test_DLL\Test_DLL.vcxproj", "{CAEF017C-CFFF-4D56-A3E5-B9082D706C24}"
EndProject
Global
	GlobalSection(SolutionConfigurationPlatforms) = preSolution
		Debug|x64 = Debug|x64
		Debug|x86 = Debug|x86
		Release|x64 = Release|x64
		Release|x86 = Release|x86
	EndGlobalSection
	GlobalSection(ProjectConfigurationPlatforms) = postSolution
		{D427E3E4-C4FD-4807-8A6B-0FCBE087715D}.Debug|x64.ActiveCfg = Debug|x64
		{D427E3E4-C4FD-4807-8A6B-0FCBE087715D}.Debug|x64.Build.0 = Debug|x64
		{D427E3E4-C4FD-4807-8A6B-0FCBE087715D}.Debug|x86.ActiveCfg = Debug|Win32
		{D427E3E4-C4FD-4807-8A6B-0FCBE087715D}.Debug|x86.Build.0 = Debug|Win32
		{D427E3E4-C4FD-4807-8A6B-0FCBE087715D}.Release|x64.ActiveCfg = Release|x64
		{D427E3E4-C4FD-4807-8A6B-0FCBE087715D}.Release|x64.Build.0 = Release|x64
		{D427E3E4-C4FD-4807-8A6B-0FCBE087715D}.Release|x86.ActiveCfg = Release|Win32
		{D427E3E4-C4FD-4807-8A6B-0FCBE087715D}.Release|x86.Build.0 = Release|Win32
		{F5ADFC6D-216C-4333-AB0F-0CAAEA54A4C9}.Debug|x64.ActiveCfg = Debug|x64
		{F5ADFC6D-216C-4333-AB0F-0CAAEA54A4C9}.Debug|x64.Build.0 = Debug|x64
		{F5ADFC6D-216C-4333-AB0F-0CAAEA54A4C9}.Debug|x86.ActiveCfg = Debug|Win32
		{F5ADFC6D-216C-4333-AB0F-0CAAEA54A4C9}.Debug|x86.Build.0 = Debug|Win32
		{F5ADFC6D-216C-4333-AB0F-0CAAEA54A4C9}.Release|x64.ActiveCfg = Release|x64
		{F5ADFC6D-216C-4333-AB0F-0CAAEA54A4C9}.Release|x64.Build.0 = Release|x64
		{F5ADFC6D-216C-4333-AB0F-0CAAEA54A4C9}.Release|x86.ActiveCfg = Release|Win32
		{F5ADFC6D-216C-4333-AB0F-0CAAEA54A4C9}.Release|x86.Build.0 = Release|Win32
		{CAEF017C-CFFF-4D56-A3E5-B9082D706C24}.Debug|x64.ActiveCfg = Debug|x64
		{CAEF017C-CFFF-4D56-A3E5-B9082D706C24}.Debug|x64.Build.0 = Debug|x64
		{CAEF017C-CFFF-4D56-A3E5-B9082D706C24}.Debug|x86.ActiveCfg = Debug|Win32
		{CAEF017C-CFFF-4D56-A3E5-B9082D706C24}.Debug|x86.Build.0 = Debug|Win32
		{CAEF017C-CFFF-4D56-A3E5-B9082D706C24}.Release|x64.ActiveCfg = Release|x64
		{CAEF017C-CFFF-4D56-A3E5-B9082D706C24}.Release|x64.Build.0 = Release|x64
		{CAEF017C-CFFF-4D56-A3E5-B9082D706C24}.Release|x86.ActiveCfg = Release|Win32
		{CAEF017C-CFFF-4D56-A3E5-B9082D706C24}.Release|x86.Build.0 = Release|Win32
	EndGlobalSection
	GlobalSection(SolutionProperties) = preSolution
		HideSolutionNode = FALSE
	EndGlobalSection
	GlobalSection(ExtensibilityGlobals) = postSolution
		SolutionGuid = {2449564C-B2FD-4915-BD47-C1C4455381E9}
	EndGlobalSection
EndGlobal
